{
  "name": "sportsbox",
  "lockfileVersion": 2,
  "requires": true,
  "packages": {
    "": {
      "dependencies": {
        "nba-color": "^1.4.1"
      }
    },
    "node_modules/nba-color": {
      "version": "1.4.1",
      "resolved": "https://registry.npmjs.org/nba-color/-/nba-color-1.4.1.tgz",
      "integrity": "sha512-Fw2HbFr52K8bd7sS92mvrtwys/uvrVf/jccG5ltvZ+lhSaMUyAbSb8d4xrZ4WPK+bGbBXCecUwHlipE0NeAszA==",
      "dependencies": {
        "ramda": "^0.26.1"
      }
    },
    "node_modules/ramda": {
      "version": "0.26.1",
      "resolved": "https://registry.npmjs.org/ramda/-/ramda-0.26.1.tgz",
      "integrity": "sha512-hLWjpy7EnsDBb0p+Z3B7rPi3GDeRG5ZtiI33kJhTt+ORCd38AbAIjB/9zRIUoeTbE/AVX5ZkU7m6bznsvrf8eQ=="
    }
  },
  "dependencies": {
    "nba-color": {
      "version": "1.4.1",
      "resolved": "https://registry.npmjs.org/nba-color/-/nba-color-1.4.1.tgz",
      "integrity": "sha512-Fw2HbFr52K8bd7sS92mvrtwys/uvrVf/jccG5ltvZ+lhSaMUyAbSb8d4xrZ4WPK+bGbBXCecUwHlipE0NeAszA==",
      "requires": {
        "ramda": "^0.26.1"
      }
    },
    "ramda": {
      "version": "0.26.1",
      "resolved": "https://registry.npmjs.org/ramda/-/ramda-0.26.1.tgz",
      "integrity": "sha512-hLWjpy7EnsDBb0p+Z3B7rPi3GDeRG5ZtiI33kJhTt+ORCd38AbAIjB/9zRIUoeTbE/AVX5ZkU7m6bznsvrf8eQ=="
    }
  }
}
